// !$*UTF8*$!
{
	archiveVersion = 1;
	classes = {
	};
	objectVersion = 63;
	objects = {

/* Begin PBXBuildFile section */
		B7206B372D777E1B004DBACD /* ProfileViewController.swift in Sources */ = {isa = PBXBuildFile; fileRef = B7206B362D777E1B004DBACD /* ProfileViewController.swift */; };
		B7324BDC2E16EB60001DC12C /* UIBlockingProgressHUD.swift in Sources */ = {isa = PBXBuildFile; fileRef = B7324BDB2E16EB5F001DC12C /* UIBlockingProgressHUD.swift */; };
		B7324BDE2E16F01E001DC12C /* ProfileService.swift in Sources */ = {isa = PBXBuildFile; fileRef = B7324BDD2E16F01E001DC12C /* ProfileService.swift */; };
		B7425C7F2D7DDD5500FB0906 /* SingleImageViewController.swift in Sources */ = {isa = PBXBuildFile; fileRef = B7425C7E2D7DDD5500FB0906 /* SingleImageViewController.swift */; };
		B74CE30A2DFF1694005BA2D0 /* OAuth2Service.swift in Sources */ = {isa = PBXBuildFile; fileRef = B74CE3092DFF1694005BA2D0 /* OAuth2Service.swift */; };
		B74CE30C2DFF1FC0005BA2D0 /* URLSession+data.swift.swift in Sources */ = {isa = PBXBuildFile; fileRef = B74CE30B2DFF1FC0005BA2D0 /* URLSession+data.swift.swift */; };
		B74CE3112DFF2972005BA2D0 /* OAuth2TokenStorage.swift in Sources */ = {isa = PBXBuildFile; fileRef = B74CE3102DFF2972005BA2D0 /* OAuth2TokenStorage.swift */; };
		B757CD132E67575B00FA5BF3 /* WebKit.framework in Frameworks */ = {isa = PBXBuildFile; fileRef = B757CD122E67575B00FA5BF3 /* WebKit.framework */; };
		B76220202D8DCE630030B007 /* Constants.swift in Sources */ = {isa = PBXBuildFile; fileRef = B762201F2D8DCE630030B007 /* Constants.swift */; };
		B76220232D920BD10030B007 /* AuthViewController.swift in Sources */ = {isa = PBXBuildFile; fileRef = B76220222D920BD10030B007 /* AuthViewController.swift */; };
		B76220252D920D7D0030B007 /* WebViewViewController.swift in Sources */ = {isa = PBXBuildFile; fileRef = B76220242D920D7D0030B007 /* WebViewViewController.swift */; };
		B7698D712E5DF6A700563B1D /* Kingfisher in Frameworks */ = {isa = PBXBuildFile; productRef = B7698D702E5DF6A700563B1D /* Kingfisher */; };
		B7698D742E64882F00563B1D /* SwiftKeychainWrapper in Frameworks */ = {isa = PBXBuildFile; productRef = B7698D732E64882F00563B1D /* SwiftKeychainWrapper */; };
		B7760C222E2EDC7E00114842 /* ProfileImageService.swift in Sources */ = {isa = PBXBuildFile; fileRef = B7760C212E2EDC7E00114842 /* ProfileImageService.swift */; };
		B7BE423D2D70F23C00FB869F /* AppDelegate.swift in Sources */ = {isa = PBXBuildFile; fileRef = B7BE423C2D70F23C00FB869F /* AppDelegate.swift */; };
		B7BE423F2D70F23C00FB869F /* SceneDelegate.swift in Sources */ = {isa = PBXBuildFile; fileRef = B7BE423E2D70F23C00FB869F /* SceneDelegate.swift */; };
		B7BE42412D70F23C00FB869F /* ImagesListViewController.swift in Sources */ = {isa = PBXBuildFile; fileRef = B7BE42402D70F23C00FB869F /* ImagesListViewController.swift */; };
		B7BE42442D70F23C00FB869F /* Base in Resources */ = {isa = PBXBuildFile; fileRef = B7BE42432D70F23C00FB869F /* Base */; };
		B7BE42462D70F23D00FB869F /* Assets.xcassets in Resources */ = {isa = PBXBuildFile; fileRef = B7BE42452D70F23D00FB869F /* Assets.xcassets */; };
		B7BE42492D70F23D00FB869F /* Base in Resources */ = {isa = PBXBuildFile; fileRef = B7BE42482D70F23D00FB869F /* Base */; };
		B7BF0FF62D747C8C004775B2 /* ImagesListCell.swift in Sources */ = {isa = PBXBuildFile; fileRef = B7BF0FF52D747C8C004775B2 /* ImagesListCell.swift */; };
		B7C2A0742E11A628004B257E /* ProgressHUD in Frameworks */ = {isa = PBXBuildFile; productRef = B7C2A0732E11A628004B257E /* ProgressHUD */; };
		B7C2D9EB2E65F18900BC3109 /* TabBarController.swift in Sources */ = {isa = PBXBuildFile; fileRef = B7C2D9EA2E65F18900BC3109 /* TabBarController.swift */; };
		B7DBF3292E01975E001645BB /* SplashViewController.swift in Sources */ = {isa = PBXBuildFile; fileRef = B7DBF3282E01975E001645BB /* SplashViewController.swift */; };
		B7E6C2E12E6F3BC8007CAFD1 /* ImagesListService.swift in Sources */ = {isa = PBXBuildFile; fileRef = B7E6C2E02E6F3BC8007CAFD1 /* ImagesListService.swift */; };
		B7E6C2E32E771FA4007CAFD1 /* Models.swift in Sources */ = {isa = PBXBuildFile; fileRef = B7E6C2E22E771FA4007CAFD1 /* Models.swift */; };
		B7E6C2EB2E77300C007CAFD1 /* ImagesListServiceTests.swift in Sources */ = {isa = PBXBuildFile; fileRef = B7E6C2EA2E77300C007CAFD1 /* ImagesListServiceTests.swift */; };
		B7F5DC852E7B5D1200B16FC7 /* ProfileLogoutService.swift in Sources */ = {isa = PBXBuildFile; fileRef = B7F5DC842E7B5D1200B16FC7 /* ProfileLogoutService.swift */; };
/* End PBXBuildFile section */

/* Begin PBXContainerItemProxy section */
		B7E6C2EC2E77300C007CAFD1 /* PBXContainerItemProxy */ = {
			isa = PBXContainerItemProxy;
			containerPortal = B7BE42312D70F23C00FB869F /* Project object */;
			proxyType = 1;
			remoteGlobalIDString = B7BE42382D70F23C00FB869F;
			remoteInfo = ImageFeed;
		};
/* End PBXContainerItemProxy section */

/* Begin PBXFileReference section */
		B7206B362D777E1B004DBACD /* ProfileViewController.swift */ = {isa = PBXFileReference; lastKnownFileType = sourcecode.swift; path = ProfileViewController.swift; sourceTree = "<group>"; };
		B7324BDB2E16EB5F001DC12C /* UIBlockingProgressHUD.swift */ = {isa = PBXFileReference; lastKnownFileType = sourcecode.swift; path = UIBlockingProgressHUD.swift; sourceTree = "<group>"; };
		B7324BDD2E16F01E001DC12C /* ProfileService.swift */ = {isa = PBXFileReference; lastKnownFileType = sourcecode.swift; path = ProfileService.swift; sourceTree = "<group>"; };
		B7425C7E2D7DDD5500FB0906 /* SingleImageViewController.swift */ = {isa = PBXFileReference; lastKnownFileType = sourcecode.swift; path = SingleImageViewController.swift; sourceTree = "<group>"; };
		B74CE3092DFF1694005BA2D0 /* OAuth2Service.swift */ = {isa = PBXFileReference; lastKnownFileType = sourcecode.swift; path = OAuth2Service.swift; sourceTree = "<group>"; };
		B74CE30B2DFF1FC0005BA2D0 /* URLSession+data.swift.swift */ = {isa = PBXFileReference; lastKnownFileType = sourcecode.swift; path = "URLSession+data.swift.swift"; sourceTree = "<group>"; };
		B74CE3102DFF2972005BA2D0 /* OAuth2TokenStorage.swift */ = {isa = PBXFileReference; lastKnownFileType = sourcecode.swift; path = OAuth2TokenStorage.swift; sourceTree = "<group>"; };
		B757CD122E67575B00FA5BF3 /* WebKit.framework */ = {isa = PBXFileReference; lastKnownFileType = wrapper.framework; name = WebKit.framework; path = System/Library/Frameworks/WebKit.framework; sourceTree = SDKROOT; };
		B762201F2D8DCE630030B007 /* Constants.swift */ = {isa = PBXFileReference; lastKnownFileType = sourcecode.swift; path = Constants.swift; sourceTree = "<group>"; };
		B76220222D920BD10030B007 /* AuthViewController.swift */ = {isa = PBXFileReference; lastKnownFileType = sourcecode.swift; path = AuthViewController.swift; sourceTree = "<group>"; };
		B76220242D920D7D0030B007 /* WebViewViewController.swift */ = {isa = PBXFileReference; lastKnownFileType = sourcecode.swift; path = WebViewViewController.swift; sourceTree = "<group>"; };
		B7760C212E2EDC7E00114842 /* ProfileImageService.swift */ = {isa = PBXFileReference; lastKnownFileType = sourcecode.swift; path = ProfileImageService.swift; sourceTree = "<group>"; };
		B7BE42392D70F23C00FB869F /* ImageFeed.app */ = {isa = PBXFileReference; explicitFileType = wrapper.application; includeInIndex = 0; path = ImageFeed.app; sourceTree = BUILT_PRODUCTS_DIR; };
		B7BE423C2D70F23C00FB869F /* AppDelegate.swift */ = {isa = PBXFileReference; lastKnownFileType = sourcecode.swift; path = AppDelegate.swift; sourceTree = "<group>"; };
		B7BE423E2D70F23C00FB869F /* SceneDelegate.swift */ = {isa = PBXFileReference; lastKnownFileType = sourcecode.swift; path = SceneDelegate.swift; sourceTree = "<group>"; };
		B7BE42402D70F23C00FB869F /* ImagesListViewController.swift */ = {isa = PBXFileReference; lastKnownFileType = sourcecode.swift; path = ImagesListViewController.swift; sourceTree = "<group>"; };
		B7BE42432D70F23C00FB869F /* Base */ = {isa = PBXFileReference; lastKnownFileType = file.storyboard; name = Base; path = Base.lproj/Main.storyboard; sourceTree = "<group>"; };
		B7BE42452D70F23D00FB869F /* Assets.xcassets */ = {isa = PBXFileReference; lastKnownFileType = folder.assetcatalog; path = Assets.xcassets; sourceTree = "<group>"; };
		B7BE42482D70F23D00FB869F /* Base */ = {isa = PBXFileReference; lastKnownFileType = file.storyboard; name = Base; path = Base.lproj/LaunchScreen.storyboard; sourceTree = "<group>"; };
		B7BE424A2D70F23D00FB869F /* Info.plist */ = {isa = PBXFileReference; lastKnownFileType = text.plist.xml; path = Info.plist; sourceTree = "<group>"; };
		B7BF0FF52D747C8C004775B2 /* ImagesListCell.swift */ = {isa = PBXFileReference; lastKnownFileType = sourcecode.swift; path = ImagesListCell.swift; sourceTree = "<group>"; };
		B7C2D9EA2E65F18900BC3109 /* TabBarController.swift */ = {isa = PBXFileReference; lastKnownFileType = sourcecode.swift; path = TabBarController.swift; sourceTree = "<group>"; };
		B7DBF3282E01975E001645BB /* SplashViewController.swift */ = {isa = PBXFileReference; lastKnownFileType = sourcecode.swift; path = SplashViewController.swift; sourceTree = "<group>"; };
		B7E6C2E02E6F3BC8007CAFD1 /* ImagesListService.swift */ = {isa = PBXFileReference; lastKnownFileType = sourcecode.swift; path = ImagesListService.swift; sourceTree = "<group>"; };
		B7E6C2E22E771FA4007CAFD1 /* Models.swift */ = {isa = PBXFileReference; lastKnownFileType = sourcecode.swift; path = Models.swift; sourceTree = "<group>"; };
		B7E6C2E82E77300C007CAFD1 /* ImageFeedTests.xctest */ = {isa = PBXFileReference; explicitFileType = wrapper.cfbundle; includeInIndex = 0; path = ImageFeedTests.xctest; sourceTree = BUILT_PRODUCTS_DIR; };
		B7E6C2EA2E77300C007CAFD1 /* ImagesListServiceTests.swift */ = {isa = PBXFileReference; lastKnownFileType = sourcecode.swift; path = ImagesListServiceTests.swift; sourceTree = "<group>"; };
		B7F5DC842E7B5D1200B16FC7 /* ProfileLogoutService.swift */ = {isa = PBXFileReference; lastKnownFileType = sourcecode.swift; path = ProfileLogoutService.swift; sourceTree = "<group>"; };
/* End PBXFileReference section */

/* Begin PBXFrameworksBuildPhase section */
		B7BE42362D70F23C00FB869F /* Frameworks */ = {
			isa = PBXFrameworksBuildPhase;
			buildActionMask = 2147483647;
			files = (
				B7698D712E5DF6A700563B1D /* Kingfisher in Frameworks */,
				B7C2A0742E11A628004B257E /* ProgressHUD in Frameworks */,
				B757CD132E67575B00FA5BF3 /* WebKit.framework in Frameworks */,
				B7698D742E64882F00563B1D /* SwiftKeychainWrapper in Frameworks */,
			);
			runOnlyForDeploymentPostprocessing = 0;
		};
		B7E6C2E52E77300C007CAFD1 /* Frameworks */ = {
			isa = PBXFrameworksBuildPhase;
			buildActionMask = 2147483647;
			files = (
			);
			runOnlyForDeploymentPostprocessing = 0;
		};
/* End PBXFrameworksBuildPhase section */

/* Begin PBXGroup section */
		B7206B382D777F46004DBACD /* Profile */ = {
			isa = PBXGroup;
			children = (
				B7206B362D777E1B004DBACD /* ProfileViewController.swift */,
				B7324BDD2E16F01E001DC12C /* ProfileService.swift */,
				B7760C212E2EDC7E00114842 /* ProfileImageService.swift */,
				B7F5DC842E7B5D1200B16FC7 /* ProfileLogoutService.swift */,
			);
			path = Profile;
			sourceTree = "<group>";
		};
		B7425C802D7E095D00FB0906 /* SingleImageView */ = {
			isa = PBXGroup;
			children = (
				B7425C7E2D7DDD5500FB0906 /* SingleImageViewController.swift */,
			);
			path = SingleImageView;
			sourceTree = "<group>";
		};
		B74CE30D2DFF1FCF005BA2D0 /* URLSession */ = {
			isa = PBXGroup;
			children = (
				B74CE30B2DFF1FC0005BA2D0 /* URLSession+data.swift.swift */,
			);
			path = URLSession;
			sourceTree = "<group>";
		};
		B74CE30F2DFF292E005BA2D0 /* OAuth2 */ = {
			isa = PBXGroup;
			children = (
				B74CE3092DFF1694005BA2D0 /* OAuth2Service.swift */,
				B74CE3102DFF2972005BA2D0 /* OAuth2TokenStorage.swift */,
			);
			path = OAuth2;
			sourceTree = "<group>";
		};
		B757CD112E67575A00FA5BF3 /* Frameworks */ = {
			isa = PBXGroup;
			children = (
				B757CD122E67575B00FA5BF3 /* WebKit.framework */,
			);
			name = Frameworks;
			sourceTree = "<group>";
		};
		B76220212D920BC30030B007 /* Auth */ = {
			isa = PBXGroup;
			children = (
				B762201F2D8DCE630030B007 /* Constants.swift */,
				B76220222D920BD10030B007 /* AuthViewController.swift */,
				B76220242D920D7D0030B007 /* WebViewViewController.swift */,
				B7324BDB2E16EB5F001DC12C /* UIBlockingProgressHUD.swift */,
			);
			path = Auth;
			sourceTree = "<group>";
		};
		B7BE42302D70F23C00FB869F = {
			isa = PBXGroup;
			children = (
				B7BE423B2D70F23C00FB869F /* ImageFeed */,
				B7E6C2E92E77300C007CAFD1 /* ImageFeedTests */,
				B7BE423A2D70F23C00FB869F /* Products */,
				B757CD112E67575A00FA5BF3 /* Frameworks */,
			);
			sourceTree = "<group>";
		};
		B7BE423A2D70F23C00FB869F /* Products */ = {
			isa = PBXGroup;
			children = (
				B7BE42392D70F23C00FB869F /* ImageFeed.app */,
				B7E6C2E82E77300C007CAFD1 /* ImageFeedTests.xctest */,
			);
			name = Products;
			sourceTree = "<group>";
		};
		B7BE423B2D70F23C00FB869F /* ImageFeed */ = {
			isa = PBXGroup;
			children = (
				B7BE423C2D70F23C00FB869F /* AppDelegate.swift */,
				B7BE423E2D70F23C00FB869F /* SceneDelegate.swift */,
				B7DBF32A2E01A885001645BB /* SplashViewController */,
				B74CE30D2DFF1FCF005BA2D0 /* URLSession */,
				B74CE30F2DFF292E005BA2D0 /* OAuth2 */,
				B76220212D920BC30030B007 /* Auth */,
				B7425C802D7E095D00FB0906 /* SingleImageView */,
				B7206B382D777F46004DBACD /* Profile */,
				B7BF0FF72D747CC4004775B2 /* ImagesList */,
				B7C2D9E92E65F16600BC3109 /* TabBar */,
				B7BE42422D70F23C00FB869F /* Main.storyboard */,
				B7BE42452D70F23D00FB869F /* Assets.xcassets */,
				B7BE42472D70F23D00FB869F /* LaunchScreen.storyboard */,
				B7BE424A2D70F23D00FB869F /* Info.plist */,
			);
			path = ImageFeed;
			sourceTree = "<group>";
		};
		B7BF0FF72D747CC4004775B2 /* ImagesList */ = {
			isa = PBXGroup;
			children = (
				B7BE42402D70F23C00FB869F /* ImagesListViewController.swift */,
				B7BF0FF52D747C8C004775B2 /* ImagesListCell.swift */,
				B7E6C2E02E6F3BC8007CAFD1 /* ImagesListService.swift */,
				B7E6C2E22E771FA4007CAFD1 /* Models.swift */,
			);
			path = ImagesList;
			sourceTree = "<group>";
		};
		B7C2D9E92E65F16600BC3109 /* TabBar */ = {
			isa = PBXGroup;
			children = (
				B7C2D9EA2E65F18900BC3109 /* TabBarController.swift */,
			);
			path = TabBar;
			sourceTree = "<group>";
		};
		B7DBF32A2E01A885001645BB /* SplashViewController */ = {
			isa = PBXGroup;
			children = (
				B7DBF3282E01975E001645BB /* SplashViewController.swift */,
			);
			path = SplashViewController;
			sourceTree = "<group>";
		};
		B7E6C2E92E77300C007CAFD1 /* ImageFeedTests */ = {
			isa = PBXGroup;
			children = (
				B7E6C2EA2E77300C007CAFD1 /* ImagesListServiceTests.swift */,
			);
			path = ImageFeedTests;
			sourceTree = "<group>";
		};
/* End PBXGroup section */

/* Begin PBXNativeTarget section */
		B7BE42382D70F23C00FB869F /* ImageFeed */ = {
			isa = PBXNativeTarget;
			buildConfigurationList = B7BE424D2D70F23D00FB869F /* Build configuration list for PBXNativeTarget "ImageFeed" */;
			buildPhases = (
				B7BE42352D70F23C00FB869F /* Sources */,
				B7BE42362D70F23C00FB869F /* Frameworks */,
				B7BE42372D70F23C00FB869F /* Resources */,
			);
			buildRules = (
			);
			dependencies = (
			);
			name = ImageFeed;
			packageProductDependencies = (
				B7C2A0732E11A628004B257E /* ProgressHUD */,
				B7698D702E5DF6A700563B1D /* Kingfisher */,
				B7698D732E64882F00563B1D /* SwiftKeychainWrapper */,
			);
			productName = ImageFeed;
			productReference = B7BE42392D70F23C00FB869F /* ImageFeed.app */;
			productType = "com.apple.product-type.application";
		};
		B7E6C2E72E77300C007CAFD1 /* ImageFeedTests */ = {
			isa = PBXNativeTarget;
			buildConfigurationList = B7E6C2EE2E77300C007CAFD1 /* Build configuration list for PBXNativeTarget "ImageFeedTests" */;
			buildPhases = (
				B7E6C2E42E77300C007CAFD1 /* Sources */,
				B7E6C2E52E77300C007CAFD1 /* Frameworks */,
				B7E6C2E62E77300C007CAFD1 /* Resources */,
			);
			buildRules = (
			);
			dependencies = (
				B7E6C2ED2E77300C007CAFD1 /* PBXTargetDependency */,
			);
			name = ImageFeedTests;
			productName = ImageFeedTests;
			productReference = B7E6C2E82E77300C007CAFD1 /* ImageFeedTests.xctest */;
			productType = "com.apple.product-type.bundle.unit-test";
		};
/* End PBXNativeTarget section */

/* Begin PBXProject section */
		B7BE42312D70F23C00FB869F /* Project object */ = {
			isa = PBXProject;
			attributes = {
				BuildIndependentTargetsInParallel = 1;
				LastSwiftUpdateCheck = 1540;
				LastUpgradeCheck = 1540;
				TargetAttributes = {
					B7BE42382D70F23C00FB869F = {
						CreatedOnToolsVersion = 15.4;
					};
					B7E6C2E72E77300C007CAFD1 = {
						CreatedOnToolsVersion = 15.4;
						TestTargetID = B7BE42382D70F23C00FB869F;
					};
				};
			};
			buildConfigurationList = B7BE42342D70F23C00FB869F /* Build configuration list for PBXProject "ImageFeed" */;
			compatibilityVersion = "Xcode 15.3";
			developmentRegion = en;
			hasScannedForEncodings = 0;
			knownRegions = (
				en,
				Base,
			);
			mainGroup = B7BE42302D70F23C00FB869F;
			packageReferences = (
				B7C2A0722E11A628004B257E /* XCRemoteSwiftPackageReference "ProgressHUD" */,
				B7698D6F2E5DF6A700563B1D /* XCRemoteSwiftPackageReference "Kingfisher" */,
				B7698D722E64882F00563B1D /* XCRemoteSwiftPackageReference "SwiftKeychainWrapper" */,
			);
			productRefGroup = B7BE423A2D70F23C00FB869F /* Products */;
			projectDirPath = "";
			projectRoot = "";
			targets = (
				B7BE42382D70F23C00FB869F /* ImageFeed */,
				B7E6C2E72E77300C007CAFD1 /* ImageFeedTests */,
			);
		};
/* End PBXProject section */

/* Begin PBXResourcesBuildPhase section */
		B7BE42372D70F23C00FB869F /* Resources */ = {
			isa = PBXResourcesBuildPhase;
			buildActionMask = 2147483647;
			files = (
				B7BE42462D70F23D00FB869F /* Assets.xcassets in Resources */,
				B7BE42492D70F23D00FB869F /* Base in Resources */,
				B7BE42442D70F23C00FB869F /* Base in Resources */,
			);
			runOnlyForDeploymentPostprocessing = 0;
		};
		B7E6C2E62E77300C007CAFD1 /* Resources */ = {
			isa = PBXResourcesBuildPhase;
			buildActionMask = 2147483647;
			files = (
			);
			runOnlyForDeploymentPostprocessing = 0;
		};
/* End PBXResourcesBuildPhase section */

/* Begin PBXSourcesBuildPhase section */
		B7BE42352D70F23C00FB869F /* Sources */ = {
			isa = PBXSourcesBuildPhase;
			buildActionMask = 2147483647;
			files = (
				B74CE3112DFF2972005BA2D0 /* OAuth2TokenStorage.swift in Sources */,
				B7BE42412D70F23C00FB869F /* ImagesListViewController.swift in Sources */,
				B74CE30C2DFF1FC0005BA2D0 /* URLSession+data.swift.swift in Sources */,
				B7BF0FF62D747C8C004775B2 /* ImagesListCell.swift in Sources */,
				B7206B372D777E1B004DBACD /* ProfileViewController.swift in Sources */,
				B7BE423D2D70F23C00FB869F /* AppDelegate.swift in Sources */,
				B7C2D9EB2E65F18900BC3109 /* TabBarController.swift in Sources */,
				B7DBF3292E01975E001645BB /* SplashViewController.swift in Sources */,
				B76220232D920BD10030B007 /* AuthViewController.swift in Sources */,
				B76220202D8DCE630030B007 /* Constants.swift in Sources */,
				B7760C222E2EDC7E00114842 /* ProfileImageService.swift in Sources */,
				B7425C7F2D7DDD5500FB0906 /* SingleImageViewController.swift in Sources */,
				B76220252D920D7D0030B007 /* WebViewViewController.swift in Sources */,
				B7F5DC852E7B5D1200B16FC7 /* ProfileLogoutService.swift in Sources */,
				B7E6C2E12E6F3BC8007CAFD1 /* ImagesListService.swift in Sources */,
				B74CE30A2DFF1694005BA2D0 /* OAuth2Service.swift in Sources */,
				B7E6C2E32E771FA4007CAFD1 /* Models.swift in Sources */,
				B7BE423F2D70F23C00FB869F /* SceneDelegate.swift in Sources */,
				B7324BDC2E16EB60001DC12C /* UIBlockingProgressHUD.swift in Sources */,
				B7324BDE2E16F01E001DC12C /* ProfileService.swift in Sources */,
			);
			runOnlyForDeploymentPostprocessing = 0;
		};
		B7E6C2E42E77300C007CAFD1 /* Sources */ = {
			isa = PBXSourcesBuildPhase;
			buildActionMask = 2147483647;
			files = (
				B7E6C2EB2E77300C007CAFD1 /* ImagesListServiceTests.swift in Sources */,
			);
			runOnlyForDeploymentPostprocessing = 0;
		};
/* End PBXSourcesBuildPhase section */

/* Begin PBXTargetDependency section */
		B7E6C2ED2E77300C007CAFD1 /* PBXTargetDependency */ = {
			isa = PBXTargetDependency;
			target = B7BE42382D70F23C00FB869F /* ImageFeed */;
			targetProxy = B7E6C2EC2E77300C007CAFD1 /* PBXContainerItemProxy */;
		};
/* End PBXTargetDependency section */

/* Begin PBXVariantGroup section */
		B7BE42422D70F23C00FB869F /* Main.storyboard */ = {
			isa = PBXVariantGroup;
			children = (
				B7BE42432D70F23C00FB869F /* Base */,
			);
			name = Main.storyboard;
			sourceTree = "<group>";
		};
		B7BE42472D70F23D00FB869F /* LaunchScreen.storyboard */ = {
			isa = PBXVariantGroup;
			children = (
				B7BE42482D70F23D00FB869F /* Base */,
			);
			name = LaunchScreen.storyboard;
			sourceTree = "<group>";
		};
/* End PBXVariantGroup section */

/* Begin XCBuildConfiguration section */
		B7BE424B2D70F23D00FB869F /* Debug */ = {
			isa = XCBuildConfiguration;
			buildSettings = {
				ALWAYS_SEARCH_USER_PATHS = NO;
				ASSETCATALOG_COMPILER_GENERATE_SWIFT_ASSET_SYMBOL_EXTENSIONS = YES;
				CLANG_ANALYZER_NONNULL = YES;
				CLANG_ANALYZER_NUMBER_OBJECT_CONVERSION = YES_AGGRESSIVE;
				CLANG_CXX_LANGUAGE_STANDARD = "gnu++20";
				CLANG_ENABLE_MODULES = YES;
				CLANG_ENABLE_OBJC_ARC = YES;
				CLANG_ENABLE_OBJC_WEAK = YES;
				CLANG_WARN_BLOCK_CAPTURE_AUTORELEASING = YES;
				CLANG_WARN_BOOL_CONVERSION = YES;
				CLANG_WARN_COMMA = YES;
				CLANG_WARN_CONSTANT_CONVERSION = YES;
				CLANG_WARN_DEPRECATED_OBJC_IMPLEMENTATIONS = YES;
				CLANG_WARN_DIRECT_OBJC_ISA_USAGE = YES_ERROR;
				CLANG_WARN_DOCUMENTATION_COMMENTS = YES;
				CLANG_WARN_EMPTY_BODY = YES;
				CLANG_WARN_ENUM_CONVERSION = YES;
				CLANG_WARN_INFINITE_RECURSION = YES;
				CLANG_WARN_INT_CONVERSION = YES;
				CLANG_WARN_NON_LITERAL_NULL_CONVERSION = YES;
				CLANG_WARN_OBJC_IMPLICIT_RETAIN_SELF = YES;
				CLANG_WARN_OBJC_LITERAL_CONVERSION = YES;
				CLANG_WARN_OBJC_ROOT_CLASS = YES_ERROR;
				CLANG_WARN_QUOTED_INCLUDE_IN_FRAMEWORK_HEADER = YES;
				CLANG_WARN_RANGE_LOOP_ANALYSIS = YES;
				CLANG_WARN_STRICT_PROTOTYPES = YES;
				CLANG_WARN_SUSPICIOUS_MOVE = YES;
				CLANG_WARN_UNGUARDED_AVAILABILITY = YES_AGGRESSIVE;
				CLANG_WARN_UNREACHABLE_CODE = YES;
				CLANG_WARN__DUPLICATE_METHOD_MATCH = YES;
				COPY_PHASE_STRIP = NO;
				DEBUG_INFORMATION_FORMAT = dwarf;
				ENABLE_STRICT_OBJC_MSGSEND = YES;
				ENABLE_TESTABILITY = YES;
				ENABLE_USER_SCRIPT_SANDBOXING = YES;
				GCC_C_LANGUAGE_STANDARD = gnu17;
				GCC_DYNAMIC_NO_PIC = NO;
				GCC_NO_COMMON_BLOCKS = YES;
				GCC_OPTIMIZATION_LEVEL = 0;
				GCC_PREPROCESSOR_DEFINITIONS = (
					"DEBUG=1",
					"$(inherited)",
				);
				GCC_WARN_64_TO_32_BIT_CONVERSION = YES;
				GCC_WARN_ABOUT_RETURN_TYPE = YES_ERROR;
				GCC_WARN_UNDECLARED_SELECTOR = YES;
				GCC_WARN_UNINITIALIZED_AUTOS = YES_AGGRESSIVE;
				GCC_WARN_UNUSED_FUNCTION = YES;
				GCC_WARN_UNUSED_VARIABLE = YES;
				IPHONEOS_DEPLOYMENT_TARGET = 14.0;
				LOCALIZATION_PREFERS_STRING_CATALOGS = YES;
				MTL_ENABLE_DEBUG_INFO = INCLUDE_SOURCE;
				MTL_FAST_MATH = YES;
				ONLY_ACTIVE_ARCH = YES;
				SDKROOT = iphoneos;
				SWIFT_ACTIVE_COMPILATION_CONDITIONS = "DEBUG $(inherited)";
				SWIFT_OPTIMIZATION_LEVEL = "-Onone";
			};
			name = Debug;
		};
		B7BE424C2D70F23D00FB869F /* Release */ = {
			isa = XCBuildConfiguration;
			buildSettings = {
				ALWAYS_SEARCH_USER_PATHS = NO;
				ASSETCATALOG_COMPILER_GENERATE_SWIFT_ASSET_SYMBOL_EXTENSIONS = YES;
				CLANG_ANALYZER_NONNULL = YES;
				CLANG_ANALYZER_NUMBER_OBJECT_CONVERSION = YES_AGGRESSIVE;
				CLANG_CXX_LANGUAGE_STANDARD = "gnu++20";
				CLANG_ENABLE_MODULES = YES;
				CLANG_ENABLE_OBJC_ARC = YES;
				CLANG_ENABLE_OBJC_WEAK = YES;
				CLANG_WARN_BLOCK_CAPTURE_AUTORELEASING = YES;
				CLANG_WARN_BOOL_CONVERSION = YES;
				CLANG_WARN_COMMA = YES;
				CLANG_WARN_CONSTANT_CONVERSION = YES;
				CLANG_WARN_DEPRECATED_OBJC_IMPLEMENTATIONS = YES;
				CLANG_WARN_DIRECT_OBJC_ISA_USAGE = YES_ERROR;
				CLANG_WARN_DOCUMENTATION_COMMENTS = YES;
				CLANG_WARN_EMPTY_BODY = YES;
				CLANG_WARN_ENUM_CONVERSION = YES;
				CLANG_WARN_INFINITE_RECURSION = YES;
				CLANG_WARN_INT_CONVERSION = YES;
				CLANG_WARN_NON_LITERAL_NULL_CONVERSION = YES;
				CLANG_WARN_OBJC_IMPLICIT_RETAIN_SELF = YES;
				CLANG_WARN_OBJC_LITERAL_CONVERSION = YES;
				CLANG_WARN_OBJC_ROOT_CLASS = YES_ERROR;
				CLANG_WARN_QUOTED_INCLUDE_IN_FRAMEWORK_HEADER = YES;
				CLANG_WARN_RANGE_LOOP_ANALYSIS = YES;
				CLANG_WARN_STRICT_PROTOTYPES = YES;
				CLANG_WARN_SUSPICIOUS_MOVE = YES;
				CLANG_WARN_UNGUARDED_AVAILABILITY = YES_AGGRESSIVE;
				CLANG_WARN_UNREACHABLE_CODE = YES;
				CLANG_WARN__DUPLICATE_METHOD_MATCH = YES;
				COPY_PHASE_STRIP = NO;
				DEBUG_INFORMATION_FORMAT = "dwarf-with-dsym";
				ENABLE_NS_ASSERTIONS = NO;
				ENABLE_STRICT_OBJC_MSGSEND = YES;
				ENABLE_USER_SCRIPT_SANDBOXING = YES;
				GCC_C_LANGUAGE_STANDARD = gnu17;
				GCC_NO_COMMON_BLOCKS = YES;
				GCC_WARN_64_TO_32_BIT_CONVERSION = YES;
				GCC_WARN_ABOUT_RETURN_TYPE = YES_ERROR;
				GCC_WARN_UNDECLARED_SELECTOR = YES;
				GCC_WARN_UNINITIALIZED_AUTOS = YES_AGGRESSIVE;
				GCC_WARN_UNUSED_FUNCTION = YES;
				GCC_WARN_UNUSED_VARIABLE = YES;
				IPHONEOS_DEPLOYMENT_TARGET = 14.0;
				LOCALIZATION_PREFERS_STRING_CATALOGS = YES;
				MTL_ENABLE_DEBUG_INFO = NO;
				MTL_FAST_MATH = YES;
				SDKROOT = iphoneos;
				SWIFT_COMPILATION_MODE = wholemodule;
				VALIDATE_PRODUCT = YES;
			};
			name = Release;
		};
		B7BE424E2D70F23D00FB869F /* Debug */ = {
			isa = XCBuildConfiguration;
			buildSettings = {
				ASSETCATALOG_COMPILER_APPICON_NAME = AppIcon;
				ASSETCATALOG_COMPILER_GLOBAL_ACCENT_COLOR_NAME = AccentColor;
				CODE_SIGN_STYLE = Automatic;
				CURRENT_PROJECT_VERSION = 1;
				DEVELOPMENT_TEAM = F6RN3HC46S;
				GENERATE_INFOPLIST_FILE = YES;
				INFOPLIST_FILE = ImageFeed/Info.plist;
				INFOPLIST_KEY_UIApplicationSupportsIndirectInputEvents = YES;
				INFOPLIST_KEY_UILaunchStoryboardName = LaunchScreen;
				INFOPLIST_KEY_UIMainStoryboardFile = Main;
				INFOPLIST_KEY_UISupportedInterfaceOrientations_iPad = "UIInterfaceOrientationPortrait UIInterfaceOrientationPortraitUpsideDown UIInterfaceOrientationLandscapeLeft UIInterfaceOrientationLandscapeRight";
				INFOPLIST_KEY_UISupportedInterfaceOrientations_iPhone = UIInterfaceOrientationPortrait;
				IPHONEOS_DEPLOYMENT_TARGET = 14.0;
				LD_RUNPATH_SEARCH_PATHS = (
					"$(inherited)",
					"@executable_path/Frameworks",
				);
				MARKETING_VERSION = 1.0;
				PRODUCT_BUNDLE_IDENTIFIER = ru.trrafik.ImageFeed;
				PRODUCT_NAME = "$(TARGET_NAME)";
				SUPPORTED_PLATFORMS = "iphoneos iphonesimulator";
				SUPPORTS_MACCATALYST = NO;
				SUPPORTS_MAC_DESIGNED_FOR_IPHONE_IPAD = NO;
				SUPPORTS_XR_DESIGNED_FOR_IPHONE_IPAD = NO;
				SWIFT_EMIT_LOC_STRINGS = YES;
				SWIFT_VERSION = 5.0;
				TARGETED_DEVICE_FAMILY = 1;
			};
			name = Debug;
		};
		B7BE424F2D70F23D00FB869F /* Release */ = {
			isa = XCBuildConfiguration;
			buildSettings = {
				ASSETCATALOG_COMPILER_APPICON_NAME = AppIcon;
				ASSETCATALOG_COMPILER_GLOBAL_ACCENT_COLOR_NAME = AccentColor;
				CODE_SIGN_STYLE = Automatic;
				CURRENT_PROJECT_VERSION = 1;
				DEVELOPMENT_TEAM = F6RN3HC46S;
				GENERATE_INFOPLIST_FILE = YES;
				INFOPLIST_FILE = ImageFeed/Info.plist;
				INFOPLIST_KEY_UIApplicationSupportsIndirectInputEvents = YES;
				INFOPLIST_KEY_UILaunchStoryboardName = LaunchScreen;
				INFOPLIST_KEY_UIMainStoryboardFile = Main;
				INFOPLIST_KEY_UISupportedInterfaceOrientations_iPad = "UIInterfaceOrientationPortrait UIInterfaceOrientationPortraitUpsideDown UIInterfaceOrientationLandscapeLeft UIInterfaceOrientationLandscapeRight";
				INFOPLIST_KEY_UISupportedInterfaceOrientations_iPhone = UIInterfaceOrientationPortrait;
				IPHONEOS_DEPLOYMENT_TARGET = 14.0;
				LD_RUNPATH_SEARCH_PATHS = (
					"$(inherited)",
					"@executable_path/Frameworks",
				);
				MARKETING_VERSION = 1.0;
				PRODUCT_BUNDLE_IDENTIFIER = ru.trrafik.ImageFeed;
				PRODUCT_NAME = "$(TARGET_NAME)";
				SUPPORTED_PLATFORMS = "iphoneos iphonesimulator";
				SUPPORTS_MACCATALYST = NO;
				SUPPORTS_MAC_DESIGNED_FOR_IPHONE_IPAD = NO;
				SUPPORTS_XR_DESIGNED_FOR_IPHONE_IPAD = NO;
				SWIFT_EMIT_LOC_STRINGS = YES;
				SWIFT_VERSION = 5.0;
				TARGETED_DEVICE_FAMILY = 1;
			};
			name = Release;
		};
		B7E6C2EF2E77300C007CAFD1 /* Debug */ = {
			isa = XCBuildConfiguration;
			buildSettings = {
				BUNDLE_LOADER = "$(TEST_HOST)";
				CODE_SIGN_STYLE = Automatic;
				CURRENT_PROJECT_VERSION = 1;
				DEVELOPMENT_TEAM = F6RN3HC46S;
				GENERATE_INFOPLIST_FILE = YES;
				IPHONEOS_DEPLOYMENT_TARGET = 17.5;
				MARKETING_VERSION = 1.0;
				PRODUCT_BUNDLE_IDENTIFIER = ru.trrafik.ImageFeedTests;
				PRODUCT_NAME = "$(TARGET_NAME)";
				SWIFT_EMIT_LOC_STRINGS = NO;
				SWIFT_VERSION = 5.0;
				TARGETED_DEVICE_FAMILY = "1,2";
				TEST_HOST = "$(BUILT_PRODUCTS_DIR)/ImageFeed.app/$(BUNDLE_EXECUTABLE_FOLDER_PATH)/ImageFeed";
			};
			name = Debug;
		};
		B7E6C2F02E77300C007CAFD1 /* Release */ = {
			isa = XCBuildConfiguration;
			buildSettings = {
				BUNDLE_LOADER = "$(TEST_HOST)";
				CODE_SIGN_STYLE = Automatic;
				CURRENT_PROJECT_VERSION = 1;
				DEVELOPMENT_TEAM = F6RN3HC46S;
				GENERATE_INFOPLIST_FILE = YES;
				IPHONEOS_DEPLOYMENT_TARGET = 17.5;
				MARKETING_VERSION = 1.0;
				PRODUCT_BUNDLE_IDENTIFIER = ru.trrafik.ImageFeedTests;
				PRODUCT_NAME = "$(TARGET_NAME)";
				SWIFT_EMIT_LOC_STRINGS = NO;
				SWIFT_VERSION = 5.0;
				TARGETED_DEVICE_FAMILY = "1,2";
				TEST_HOST = "$(BUILT_PRODUCTS_DIR)/ImageFeed.app/$(BUNDLE_EXECUTABLE_FOLDER_PATH)/ImageFeed";
			};
			name = Release;
		};
/* End XCBuildConfiguration section */

/* Begin XCConfigurationList section */
		B7BE42342D70F23C00FB869F /* Build configuration list for PBXProject "ImageFeed" */ = {
			isa = XCConfigurationList;
			buildConfigurations = (
				B7BE424B2D70F23D00FB869F /* Debug */,
				B7BE424C2D70F23D00FB869F /* Release */,
			);
			defaultConfigurationIsVisible = 0;
			defaultConfigurationName = Release;
		};
		B7BE424D2D70F23D00FB869F /* Build configuration list for PBXNativeTarget "ImageFeed" */ = {
			isa = XCConfigurationList;
			buildConfigurations = (
				B7BE424E2D70F23D00FB869F /* Debug */,
				B7BE424F2D70F23D00FB869F /* Release */,
			);
			defaultConfigurationIsVisible = 0;
			defaultConfigurationName = Release;
		};
		B7E6C2EE2E77300C007CAFD1 /* Build configuration list for PBXNativeTarget "ImageFeedTests" */ = {
			isa = XCConfigurationList;
			buildConfigurations = (
				B7E6C2EF2E77300C007CAFD1 /* Debug */,
				B7E6C2F02E77300C007CAFD1 /* Release */,
			);
			defaultConfigurationIsVisible = 0;
			defaultConfigurationName = Release;
		};
/* End XCConfigurationList section */

/* Begin XCRemoteSwiftPackageReference section */
		B7698D6F2E5DF6A700563B1D /* XCRemoteSwiftPackageReference "Kingfisher" */ = {
			isa = XCRemoteSwiftPackageReference;
			repositoryURL = "https://github.com/onevcat/Kingfisher.git";
			requirement = {
				kind = upToNextMajorVersion;
				minimumVersion = 8.5.0;
			};
		};
		B7698D722E64882F00563B1D /* XCRemoteSwiftPackageReference "SwiftKeychainWrapper" */ = {
			isa = XCRemoteSwiftPackageReference;
			repositoryURL = "https://github.com/jrendel/SwiftKeychainWrapper";
			requirement = {
				kind = upToNextMajorVersion;
				minimumVersion = 4.0.1;
			};
		};
		B7C2A0722E11A628004B257E /* XCRemoteSwiftPackageReference "ProgressHUD" */ = {
			isa = XCRemoteSwiftPackageReference;
			repositoryURL = "https://github.com/relatedcode/ProgressHUD";
			requirement = {
				kind = exactVersion;
				version = 14.1.3;
			};
		};
/* End XCRemoteSwiftPackageReference section */

/* Begin XCSwiftPackageProductDependency section */
		B7698D702E5DF6A700563B1D /* Kingfisher */ = {
			isa = XCSwiftPackageProductDependency;
			package = B7698D6F2E5DF6A700563B1D /* XCRemoteSwiftPackageReference "Kingfisher" */;
			productName = Kingfisher;
		};
		B7698D732E64882F00563B1D /* SwiftKeychainWrapper */ = {
			isa = XCSwiftPackageProductDependency;
			package = B7698D722E64882F00563B1D /* XCRemoteSwiftPackageReference "SwiftKeychainWrapper" */;
			productName = SwiftKeychainWrapper;
		};
		B7C2A0732E11A628004B257E /* ProgressHUD */ = {
			isa = XCSwiftPackageProductDependency;
			package = B7C2A0722E11A628004B257E /* XCRemoteSwiftPackageReference "ProgressHUD" */;
			productName = ProgressHUD;
		};
/* End XCSwiftPackageProductDependency section */
	};
	rootObject = B7BE42312D70F23C00FB869F /* Project object */;
}
